
Microsoft Visual Studio Solution File, Format Version 12.00
# Visual Studio 2013
VisualStudioVersion = 12.0.31101.0
MinimumVisualStudioVersion = 10.0.40219.1
Project("{FAE04EC0-301F-11D3-BF4B-00C04F79EFBC}") = "MyServiceTest", "MyServiceTest\MyServiceTest.csproj", "{6FB45579-4E39-472A-8CC3-82B5B6C911EE}"
EndProject
Project("{FAE04EC0-301F-11D3-BF4B-00C04F79EFBC}") = "HosterForService", "HosterForService\HosterForService.csproj", "{C3260191-16EC-4532-A837-E07C26C6814C}"
EndProject
Project("{FAE04EC0-301F-11D3-BF4B-00C04F79EFBC}") = "ServiceUtilizer", "ServiceUtilizer\ServiceUtilizer.csproj", "{13A01284-649E-498E-A73D-BBFA99C5DF21}"
EndProject
Project("{FAE04EC0-301F-11D3-BF4B-00C04F79EFBC}") = "TestNowApplication", "TestNowApplication\TestNowApplication.csproj", "{779CFD5A-1091-48DD-8A1D-BE1F84FCC545}"
EndProject
Project("{FAE04EC0-301F-11D3-BF4B-00C04F79EFBC}") = "HostWcfOnIIS", "HostWcfOnIIS\HostWcfOnIIS.csproj", "{70AD1F40-97EE-4FF8-BA45-931749ECC7AD}"
EndProject
Project("{FAE04EC0-301F-11D3-BF4B-00C04F79EFBC}") = "TestMVCApplication", "TestMVCApplication\TestMVCApplication.csproj", "{1DA8E30A-1291-4481-9FC3-7EE50CE59FB1}"
EndProject
Project("{FAE04EC0-301F-11D3-BF4B-00C04F79EFBC}") = "TestMVCApplication.Tests", "TestMVCApplication.Tests\TestMVCApplication.Tests.csproj", "{BA0AD107-C263-4B3C-A9C2-720E5A7E1CA9}"
EndProject
Project("{FAE04EC0-301F-11D3-BF4B-00C04F79EFBC}") = "EntityFrameworkTest", "EntityFrameworkTest\EntityFrameworkTest.csproj", "{EFE577B8-4575-41B0-8E97-31F14D56A9B6}"
EndProject
Project("{FAE04EC0-301F-11D3-BF4B-00C04F79EFBC}") = "DelegateExample", "DelegateExample\DelegateExample.csproj", "{17E906F9-C901-43C4-8F37-EB8F039589F3}"
EndProject
Project("{FAE04EC0-301F-11D3-BF4B-00C04F79EFBC}") = "ExtentionMethodImplementation", "ExtentionMethodImplementation\ExtentionMethodImplementation.csproj", "{5A1214D2-6430-4980-B858-F9E09859C81E}"
EndProject
Project("{FAE04EC0-301F-11D3-BF4B-00C04F79EFBC}") = "AllSortingTechnique", "AllSortingTechnique\AllSortingTechnique.csproj", "{059A72D9-AB02-4DDA-8040-23288C1513F1}"
EndProject
Project("{8BC9CEB8-8B4A-11D0-8D11-00A0C91BC942}") = "AllCProgramings", "AllCProgramings\AllCProgramings.vcxproj", "{C80F14A8-5E34-400A-8225-E8683A6DC15B}"
EndProject
Project("{FAE04EC0-301F-11D3-BF4B-00C04F79EFBC}") = "EntityFrameWorkTut", "EntityFrameWorkTut\EntityFrameWorkTut.csproj", "{58B38EA1-A1FD-474D-AE76-A000882C1B65}"
EndProject
Project("{FAE04EC0-301F-11D3-BF4B-00C04F79EFBC}") = "AngularJSPractise", "AngularJSPractise\AngularJSPractise.csproj", "{FB3CB02D-10E2-4604-A35D-50D8D391D900}"
EndProject
Global
	GlobalSection(SolutionConfigurationPlatforms) = preSolution
		Debug|Any CPU = Debug|Any CPU
		Debug|Mixed Platforms = Debug|Mixed Platforms
		Debug|Win32 = Debug|Win32
		Release|Any CPU = Release|Any CPU
		Release|Mixed Platforms = Release|Mixed Platforms
		Release|Win32 = Release|Win32
	EndGlobalSection
	GlobalSection(ProjectConfigurationPlatforms) = postSolution
		{6FB45579-4E39-472A-8CC3-82B5B6C911EE}.Debug|Any CPU.ActiveCfg = Debug|Any CPU
		{6FB45579-4E39-472A-8CC3-82B5B6C911EE}.Debug|Any CPU.Build.0 = Debug|Any CPU
		{6FB45579-4E39-472A-8CC3-82B5B6C911EE}.Debug|Mixed Platforms.ActiveCfg = Debug|Any CPU
		{6FB45579-4E39-472A-8CC3-82B5B6C911EE}.Debug|Mixed Platforms.Build.0 = Debug|Any CPU
		{6FB45579-4E39-472A-8CC3-82B5B6C911EE}.Debug|Win32.ActiveCfg = Debug|Any CPU
		{6FB45579-4E39-472A-8CC3-82B5B6C911EE}.Release|Any CPU.ActiveCfg = Release|Any CPU
		{6FB45579-4E39-472A-8CC3-82B5B6C911EE}.Release|Any CPU.Build.0 = Release|Any CPU
		{6FB45579-4E39-472A-8CC3-82B5B6C911EE}.Release|Mixed Platforms.ActiveCfg = Release|Any CPU
		{6FB45579-4E39-472A-8CC3-82B5B6C911EE}.Release|Mixed Platforms.Build.0 = Release|Any CPU
		{6FB45579-4E39-472A-8CC3-82B5B6C911EE}.Release|Win32.ActiveCfg = Release|Any CPU
		{C3260191-16EC-4532-A837-E07C26C6814C}.Debug|Any CPU.ActiveCfg = Debug|Any CPU
		{C3260191-16EC-4532-A837-E07C26C6814C}.Debug|Any CPU.Build.0 = Debug|Any CPU
		{C3260191-16EC-4532-A837-E07C26C6814C}.Debug|Mixed Platforms.ActiveCfg = Debug|Any CPU
		{C3260191-16EC-4532-A837-E07C26C6814C}.Debug|Mixed Platforms.Build.0 = Debug|Any CPU
		{C3260191-16EC-4532-A837-E07C26C6814C}.Debug|Win32.ActiveCfg = Debug|Any CPU
		{C3260191-16EC-4532-A837-E07C26C6814C}.Release|Any CPU.ActiveCfg = Release|Any CPU
		{C3260191-16EC-4532-A837-E07C26C6814C}.Release|Any CPU.Build.0 = Release|Any CPU
		{C3260191-16EC-4532-A837-E07C26C6814C}.Release|Mixed Platforms.ActiveCfg = Release|Any CPU
		{C3260191-16EC-4532-A837-E07C26C6814C}.Release|Mixed Platforms.Build.0 = Release|Any CPU
		{C3260191-16EC-4532-A837-E07C26C6814C}.Release|Win32.ActiveCfg = Release|Any CPU
		{13A01284-649E-498E-A73D-BBFA99C5DF21}.Debug|Any CPU.ActiveCfg = Debug|Any CPU
		{13A01284-649E-498E-A73D-BBFA99C5DF21}.Debug|Any CPU.Build.0 = Debug|Any CPU
		{13A01284-649E-498E-A73D-BBFA99C5DF21}.Debug|Mixed Platforms.ActiveCfg = Debug|Any CPU
		{13A01284-649E-498E-A73D-BBFA99C5DF21}.Debug|Mixed Platforms.Build.0 = Debug|Any CPU
		{13A01284-649E-498E-A73D-BBFA99C5DF21}.Debug|Win32.ActiveCfg = Debug|Any CPU
		{13A01284-649E-498E-A73D-BBFA99C5DF21}.Release|Any CPU.ActiveCfg = Release|Any CPU
		{13A01284-649E-498E-A73D-BBFA99C5DF21}.Release|Any CPU.Build.0 = Release|Any CPU
		{13A01284-649E-498E-A73D-BBFA99C5DF21}.Release|Mixed Platforms.ActiveCfg = Release|Any CPU
		{13A01284-649E-498E-A73D-BBFA99C5DF21}.Release|Mixed Platforms.Build.0 = Release|Any CPU
		{13A01284-649E-498E-A73D-BBFA99C5DF21}.Release|Win32.ActiveCfg = Release|Any CPU
		{779CFD5A-1091-48DD-8A1D-BE1F84FCC545}.Debug|Any CPU.ActiveCfg = Debug|Any CPU
		{779CFD5A-1091-48DD-8A1D-BE1F84FCC545}.Debug|Any CPU.Build.0 = Debug|Any CPU
		{779CFD5A-1091-48DD-8A1D-BE1F84FCC545}.Debug|Mixed Platforms.ActiveCfg = Debug|Any CPU
		{779CFD5A-1091-48DD-8A1D-BE1F84FCC545}.Debug|Mixed Platforms.Build.0 = Debug|Any CPU
		{779CFD5A-1091-48DD-8A1D-BE1F84FCC545}.Debug|Win32.ActiveCfg = Debug|Any CPU
		{779CFD5A-1091-48DD-8A1D-BE1F84FCC545}.Release|Any CPU.ActiveCfg = Release|Any CPU
		{779CFD5A-1091-48DD-8A1D-BE1F84FCC545}.Release|Any CPU.Build.0 = Release|Any CPU
		{779CFD5A-1091-48DD-8A1D-BE1F84FCC545}.Release|Mixed Platforms.ActiveCfg = Release|Any CPU
		{779CFD5A-1091-48DD-8A1D-BE1F84FCC545}.Release|Mixed Platforms.Build.0 = Release|Any CPU
		{779CFD5A-1091-48DD-8A1D-BE1F84FCC545}.Release|Win32.ActiveCfg = Release|Any CPU
		{70AD1F40-97EE-4FF8-BA45-931749ECC7AD}.Debug|Any CPU.ActiveCfg = Debug|Any CPU
		{70AD1F40-97EE-4FF8-BA45-931749ECC7AD}.Debug|Any CPU.Build.0 = Debug|Any CPU
		{70AD1F40-97EE-4FF8-BA45-931749ECC7AD}.Debug|Mixed Platforms.ActiveCfg = Debug|Any CPU
		{70AD1F40-97EE-4FF8-BA45-931749ECC7AD}.Debug|Win32.ActiveCfg = Debug|Any CPU
		{70AD1F40-97EE-4FF8-BA45-931749ECC7AD}.Release|Any CPU.ActiveCfg = Release|Any CPU
		{70AD1F40-97EE-4FF8-BA45-931749ECC7AD}.Release|Any CPU.Build.0 = Release|Any CPU
		{70AD1F40-97EE-4FF8-BA45-931749ECC7AD}.Release|Mixed Platforms.ActiveCfg = Release|Any CPU
		{70AD1F40-97EE-4FF8-BA45-931749ECC7AD}.Release|Win32.ActiveCfg = Release|Any CPU
		{1DA8E30A-1291-4481-9FC3-7EE50CE59FB1}.Debug|Any CPU.ActiveCfg = Debug|Any CPU
		{1DA8E30A-1291-4481-9FC3-7EE50CE59FB1}.Debug|Any CPU.Build.0 = Debug|Any CPU
		{1DA8E30A-1291-4481-9FC3-7EE50CE59FB1}.Debug|Mixed Platforms.ActiveCfg = Debug|Any CPU
		{1DA8E30A-1291-4481-9FC3-7EE50CE59FB1}.Debug|Mixed Platforms.Build.0 = Debug|Any CPU
		{1DA8E30A-1291-4481-9FC3-7EE50CE59FB1}.Debug|Win32.ActiveCfg = Debug|Any CPU
		{1DA8E30A-1291-4481-9FC3-7EE50CE59FB1}.Release|Any CPU.ActiveCfg = Release|Any CPU
		{1DA8E30A-1291-4481-9FC3-7EE50CE59FB1}.Release|Any CPU.Build.0 = Release|Any CPU
		{1DA8E30A-1291-4481-9FC3-7EE50CE59FB1}.Release|Mixed Platforms.ActiveCfg = Release|Any CPU
		{1DA8E30A-1291-4481-9FC3-7EE50CE59FB1}.Release|Mixed Platforms.Build.0 = Release|Any CPU
		{1DA8E30A-1291-4481-9FC3-7EE50CE59FB1}.Release|Win32.ActiveCfg = Release|Any CPU
		{BA0AD107-C263-4B3C-A9C2-720E5A7E1CA9}.Debug|Any CPU.ActiveCfg = Debug|Any CPU
		{BA0AD107-C263-4B3C-A9C2-720E5A7E1CA9}.Debug|Any CPU.Build.0 = Debug|Any CPU
		{BA0AD107-C263-4B3C-A9C2-720E5A7E1CA9}.Debug|Mixed Platforms.ActiveCfg = Debug|Any CPU
		{BA0AD107-C263-4B3C-A9C2-720E5A7E1CA9}.Debug|Mixed Platforms.Build.0 = Debug|Any CPU
		{BA0AD107-C263-4B3C-A9C2-720E5A7E1CA9}.Debug|Win32.ActiveCfg = Debug|Any CPU
		{BA0AD107-C263-4B3C-A9C2-720E5A7E1CA9}.Release|Any CPU.ActiveCfg = Release|Any CPU
		{BA0AD107-C263-4B3C-A9C2-720E5A7E1CA9}.Release|Any CPU.Build.0 = Release|Any CPU
		{BA0AD107-C263-4B3C-A9C2-720E5A7E1CA9}.Release|Mixed Platforms.ActiveCfg = Release|Any CPU
		{BA0AD107-C263-4B3C-A9C2-720E5A7E1CA9}.Release|Mixed Platforms.Build.0 = Release|Any CPU
		{BA0AD107-C263-4B3C-A9C2-720E5A7E1CA9}.Release|Win32.ActiveCfg = Release|Any CPU
		{EFE577B8-4575-41B0-8E97-31F14D56A9B6}.Debug|Any CPU.ActiveCfg = Debug|Any CPU
		{EFE577B8-4575-41B0-8E97-31F14D56A9B6}.Debug|Any CPU.Build.0 = Debug|Any CPU
		{EFE577B8-4575-41B0-8E97-31F14D56A9B6}.Debug|Mixed Platforms.ActiveCfg = Debug|Any CPU
		{EFE577B8-4575-41B0-8E97-31F14D56A9B6}.Debug|Mixed Platforms.Build.0 = Debug|Any CPU
		{EFE577B8-4575-41B0-8E97-31F14D56A9B6}.Debug|Win32.ActiveCfg = Debug|Any CPU
		{EFE577B8-4575-41B0-8E97-31F14D56A9B6}.Release|Any CPU.ActiveCfg = Release|Any CPU
		{EFE577B8-4575-41B0-8E97-31F14D56A9B6}.Release|Any CPU.Build.0 = Release|Any CPU
		{EFE577B8-4575-41B0-8E97-31F14D56A9B6}.Release|Mixed Platforms.ActiveCfg = Release|Any CPU
		{EFE577B8-4575-41B0-8E97-31F14D56A9B6}.Release|Mixed Platforms.Build.0 = Release|Any CPU
		{EFE577B8-4575-41B0-8E97-31F14D56A9B6}.Release|Win32.ActiveCfg = Release|Any CPU
		{17E906F9-C901-43C4-8F37-EB8F039589F3}.Debug|Any CPU.ActiveCfg = Debug|Any CPU
		{17E906F9-C901-43C4-8F37-EB8F039589F3}.Debug|Any CPU.Build.0 = Debug|Any CPU
		{17E906F9-C901-43C4-8F37-EB8F039589F3}.Debug|Mixed Platforms.ActiveCfg = Debug|Any CPU
		{17E906F9-C901-43C4-8F37-EB8F039589F3}.Debug|Mixed Platforms.Build.0 = Debug|Any CPU
		{17E906F9-C901-43C4-8F37-EB8F039589F3}.Debug|Win32.ActiveCfg = Debug|Any CPU
		{17E906F9-C901-43C4-8F37-EB8F039589F3}.Release|Any CPU.ActiveCfg = Release|Any CPU
		{17E906F9-C901-43C4-8F37-EB8F039589F3}.Release|Any CPU.Build.0 = Release|Any CPU
		{17E906F9-C901-43C4-8F37-EB8F039589F3}.Release|Mixed Platforms.ActiveCfg = Release|Any CPU
		{17E906F9-C901-43C4-8F37-EB8F039589F3}.Release|Mixed Platforms.Build.0 = Release|Any CPU
		{17E906F9-C901-43C4-8F37-EB8F039589F3}.Release|Win32.ActiveCfg = Release|Any CPU
		{5A1214D2-6430-4980-B858-F9E09859C81E}.Debug|Any CPU.ActiveCfg = Debug|Any CPU
		{5A1214D2-6430-4980-B858-F9E09859C81E}.Debug|Any CPU.Build.0 = Debug|Any CPU
		{5A1214D2-6430-4980-B858-F9E09859C81E}.Debug|Mixed Platforms.ActiveCfg = Debug|Any CPU
		{5A1214D2-6430-4980-B858-F9E09859C81E}.Debug|Mixed Platforms.Build.0 = Debug|Any CPU
		{5A1214D2-6430-4980-B858-F9E09859C81E}.Debug|Win32.ActiveCfg = Debug|Any CPU
		{5A1214D2-6430-4980-B858-F9E09859C81E}.Release|Any CPU.ActiveCfg = Release|Any CPU
		{5A1214D2-6430-4980-B858-F9E09859C81E}.Release|Any CPU.Build.0 = Release|Any CPU
		{5A1214D2-6430-4980-B858-F9E09859C81E}.Release|Mixed Platforms.ActiveCfg = Release|Any CPU
		{5A1214D2-6430-4980-B858-F9E09859C81E}.Release|Mixed Platforms.Build.0 = Release|Any CPU
		{5A1214D2-6430-4980-B858-F9E09859C81E}.Release|Win32.ActiveCfg = Release|Any CPU
		{059A72D9-AB02-4DDA-8040-23288C1513F1}.Debug|Any CPU.ActiveCfg = Debug|Any CPU
		{059A72D9-AB02-4DDA-8040-23288C1513F1}.Debug|Any CPU.Build.0 = Debug|Any CPU
		{059A72D9-AB02-4DDA-8040-23288C1513F1}.Debug|Mixed Platforms.ActiveCfg = Debug|Any CPU
		{059A72D9-AB02-4DDA-8040-23288C1513F1}.Debug|Mixed Platforms.Build.0 = Debug|Any CPU
		{059A72D9-AB02-4DDA-8040-23288C1513F1}.Debug|Win32.ActiveCfg = Debug|Any CPU
		{059A72D9-AB02-4DDA-8040-23288C1513F1}.Release|Any CPU.ActiveCfg = Release|Any CPU
		{059A72D9-AB02-4DDA-8040-23288C1513F1}.Release|Any CPU.Build.0 = Release|Any CPU
		{059A72D9-AB02-4DDA-8040-23288C1513F1}.Release|Mixed Platforms.ActiveCfg = Release|Any CPU
		{059A72D9-AB02-4DDA-8040-23288C1513F1}.Release|Mixed Platforms.Build.0 = Release|Any CPU
		{059A72D9-AB02-4DDA-8040-23288C1513F1}.Release|Win32.ActiveCfg = Release|Any CPU
		{C80F14A8-5E34-400A-8225-E8683A6DC15B}.Debug|Any CPU.ActiveCfg = Debug|Win32
		{C80F14A8-5E34-400A-8225-E8683A6DC15B}.Debug|Mixed Platforms.ActiveCfg = Debug|Win32
		{C80F14A8-5E34-400A-8225-E8683A6DC15B}.Debug|Mixed Platforms.Build.0 = Debug|Win32
		{C80F14A8-5E34-400A-8225-E8683A6DC15B}.Debug|Win32.ActiveCfg = Debug|Win32
		{C80F14A8-5E34-400A-8225-E8683A6DC15B}.Debug|Win32.Build.0 = Debug|Win32
		{C80F14A8-5E34-400A-8225-E8683A6DC15B}.Release|Any CPU.ActiveCfg = Release|Win32
		{C80F14A8-5E34-400A-8225-E8683A6DC15B}.Release|Mixed Platforms.ActiveCfg = Release|Win32
		{C80F14A8-5E34-400A-8225-E8683A6DC15B}.Release|Mixed Platforms.Build.0 = Release|Win32
		{C80F14A8-5E34-400A-8225-E8683A6DC15B}.Release|Win32.ActiveCfg = Release|Win32
		{C80F14A8-5E34-400A-8225-E8683A6DC15B}.Release|Win32.Build.0 = Release|Win32
		{58B38EA1-A1FD-474D-AE76-A000882C1B65}.Debug|Any CPU.ActiveCfg = Debug|Any CPU
		{58B38EA1-A1FD-474D-AE76-A000882C1B65}.Debug|Any CPU.Build.0 = Debug|Any CPU
		{58B38EA1-A1FD-474D-AE76-A000882C1B65}.Debug|Mixed Platforms.ActiveCfg = Debug|Any CPU
		{58B38EA1-A1FD-474D-AE76-A000882C1B65}.Debug|Mixed Platforms.Build.0 = Debug|Any CPU
		{58B38EA1-A1FD-474D-AE76-A000882C1B65}.Debug|Win32.ActiveCfg = Debug|Any CPU
		{58B38EA1-A1FD-474D-AE76-A000882C1B65}.Release|Any CPU.ActiveCfg = Release|Any CPU
		{58B38EA1-A1FD-474D-AE76-A000882C1B65}.Release|Any CPU.Build.0 = Release|Any CPU
		{58B38EA1-A1FD-474D-AE76-A000882C1B65}.Release|Mixed Platforms.ActiveCfg = Release|Any CPU
		{58B38EA1-A1FD-474D-AE76-A000882C1B65}.Release|Mixed Platforms.Build.0 = Release|Any CPU
		{58B38EA1-A1FD-474D-AE76-A000882C1B65}.Release|Win32.ActiveCfg = Release|Any CPU
		{FB3CB02D-10E2-4604-A35D-50D8D391D900}.Debug|Any CPU.ActiveCfg = Debug|Any CPU
		{FB3CB02D-10E2-4604-A35D-50D8D391D900}.Debug|Any CPU.Build.0 = Debug|Any CPU
		{FB3CB02D-10E2-4604-A35D-50D8D391D900}.Debug|Mixed Platforms.ActiveCfg = Debug|Any CPU
		{FB3CB02D-10E2-4604-A35D-50D8D391D900}.Debug|Mixed Platforms.Build.0 = Debug|Any CPU
		{FB3CB02D-10E2-4604-A35D-50D8D391D900}.Debug|Win32.ActiveCfg = Debug|Any CPU
		{FB3CB02D-10E2-4604-A35D-50D8D391D900}.Release|Any CPU.ActiveCfg = Release|Any CPU
		{FB3CB02D-10E2-4604-A35D-50D8D391D900}.Release|Any CPU.Build.0 = Release|Any CPU
		{FB3CB02D-10E2-4604-A35D-50D8D391D900}.Release|Mixed Platforms.ActiveCfg = Release|Any CPU
		{FB3CB02D-10E2-4604-A35D-50D8D391D900}.Release|Mixed Platforms.Build.0 = Release|Any CPU
		{FB3CB02D-10E2-4604-A35D-50D8D391D900}.Release|Win32.ActiveCfg = Release|Any CPU
	EndGlobalSection
	GlobalSection(SolutionProperties) = preSolution
		HideSolutionNode = FALSE
	EndGlobalSection
EndGlobal
